
Microsoft Visual Studio Solution File, Format Version 12.00
# Visual Studio Version 17
VisualStudioVersion = 17.5.002.0
MinimumVisualStudioVersion = 10.0.40219.1
Project("{9A19103F-16F7-4668-BE54-9A1E7A4F7556}") = "DemoDiffMatchPatch", "DemoDiffMatchPatch.csproj", "{1162EAED-E8FA-48D1-BF20-B69E5378C257}"
EndProject
Global
	GlobalSection(SolutionConfigurationPlatforms) = preSolution
		Debug|Any CPU = Debug|Any CPU
		Release|Any CPU = Release|Any CPU
	EndGlobalSection
	GlobalSection(ProjectConfigurationPlatforms) = postSolution
		{1162EAED-E8FA-48D1-BF20-B69E5378C257}.Debug|Any CPU.ActiveCfg = Debug|Any CPU
		{1162EAED-E8FA-48D1-BF20-B69E5378C257}.Debug|Any CPU.Build.0 = Debug|Any CPU
		{1162EAED-E8FA-48D1-BF20-B69E5378C257}.Release|Any CPU.ActiveCfg = Release|Any CPU
		{1162EAED-E8FA-48D1-BF20-B69E5378C257}.Release|Any CPU.Build.0 = Release|Any CPU
	EndGlobalSection
	GlobalSection(SolutionProperties) = preSolution
		HideSolutionNode = FALSE
	EndGlobalSection
	GlobalSection(ExtensibilityGlobals) = postSolution
		SolutionGuid = {36ECFE54-788E-4C2F-A618-4DCDB6D41E47}
	EndGlobalSection
EndGlobal
